<?xml version="1.0" encoding="utf-8"?>
<Project ToolsVersion="4.0" xmlns="http://schemas.microsoft.com/developer/msbuild/2003">
  <ItemGroup>
    <Filter Include="源文件">
      <UniqueIdentifier>{4FC737F1-C7A5-4376-A066-2A32D752A2FF}</UniqueIdentifier>
      <Extensions>cpp;c;cc;cxx;def;odl;idl;hpj;bat;asm;asmx</Extensions>
    </Filter>
    <Filter Include="头文件">
      <UniqueIdentifier>{93995380-89BD-4b04-88EB-625FBE52EBFB}</UniqueIdentifier>
      <Extensions>h;hh;hpp;hxx;hm;inl;inc;ipp;xsd</Extensions>
    </Filter>
    <Filter Include="资源文件">
      <UniqueIdentifier>{67DA6AB6-F800-4c08-8B7A-83BB121AAD01}</UniqueIdentifier>
      <Extensions>rc;ico;cur;bmp;dlg;rc2;rct;bin;rgs;gif;jpg;jpeg;jpe;resx;tiff;tif;png;wav;mfcribbon-ms</Extensions>
    </Filter>
    <Filter Include="头文件\Objects">
      <UniqueIdentifier>{7dafdbda-87ff-4560-a634-a1f319f5a4af}</UniqueIdentifier>
    </Filter>
    <Filter Include="源文件\Objects">
      <UniqueIdentifier>{785dabfd-5675-4e80-a793-68b7a0f2d4ce}</UniqueIdentifier>
    </Filter>
    <Filter Include="头文件\ParticleSystem">
      <UniqueIdentifier>{f743250c-113b-466a-8feb-95286d40f7c1}</UniqueIdentifier>
    </Filter>
    <Filter Include="源文件\ParticleSystem">
      <UniqueIdentifier>{72dcceea-54e9-4e33-8439-1a8c440c80f6}</UniqueIdentifier>
    </Filter>
    <Filter Include="头文件\Materials">
      <UniqueIdentifier>{6d80ccfc-229b-4b4c-bcf9-870c2aae3d08}</UniqueIdentifier>
    </Filter>
  </ItemGroup>
  <ItemGroup>
    <ClInclude Include="include\Camera.h">
      <Filter>头文件</Filter>
    </ClInclude>
    <ClInclude Include="include\Colors.h">
      <Filter>头文件</Filter>
    </ClInclude>
    <ClInclude Include="include\Cube.h">
      <Filter>头文件</Filter>
    </ClInclude>
    <ClInclude Include="include\D3dUtility.h">
      <Filter>头文件</Filter>
    </ClInclude>
    <ClInclude Include="include\DirectInputClass.h">
      <Filter>头文件</Filter>
    </ClInclude>
    <ClInclude Include="include\EngineGraphic.h">
      <Filter>头文件</Filter>
    </ClInclude>
    <ClInclude Include="include\GameObject.h">
      <Filter>头文件</Filter>
    </ClInclude>
    <ClInclude Include="include\KoaliFrustum.h">
      <Filter>头文件</Filter>
    </ClInclude>
    <ClInclude Include="include\KoaliMaterial.h">
      <Filter>头文件</Filter>
    </ClInclude>
    <ClInclude Include="include\KoaliText.h">
      <Filter>头文件</Filter>
    </ClInclude>
    <ClInclude Include="include\KoaliTexture.h">
      <Filter>头文件</Filter>
    </ClInclude>
    <ClInclude Include="include\Light.h">
      <Filter>头文件</Filter>
    </ClInclude>
    <ClInclude Include="include\MaterialsManager.h">
      <Filter>头文件</Filter>
    </ClInclude>
    <ClInclude Include="include\MyTransform.h">
      <Filter>头文件</Filter>
    </ClInclude>
    <ClInclude Include="include\ObjectModel.h">
      <Filter>头文件</Filter>
    </ClInclude>
    <ClInclude Include="include\ParticleSystem.h">
      <Filter>头文件</Filter>
    </ClInclude>
    <ClInclude Include="include\Quad.h">
      <Filter>头文件</Filter>
    </ClInclude>
    <ClInclude Include="include\SnowSystem.h">
      <Filter>头文件</Filter>
    </ClInclude>
    <ClInclude Include="include\Vertex.h">
      <Filter>头文件</Filter>
    </ClInclude>
    <ClInclude Include="include\SkyBox.h">
      <Filter>头文件</Filter>
    </ClInclude>
    <ClInclude Include="include\BoundingBox.h">
      <Filter>头文件</Filter>
    </ClInclude>
    <ClInclude Include="include\zfxLODTerrain.h">
      <Filter>头文件</Filter>
    </ClInclude>
  </ItemGroup>
  <ItemGroup>
    <ClCompile Include="src\Camera.cpp">
      <Filter>源文件</Filter>
    </ClCompile>
    <ClCompile Include="src\Cube.cpp">
      <Filter>源文件</Filter>
    </ClCompile>
    <ClCompile Include="src\DirectInputClass.cpp">
      <Filter>源文件</Filter>
    </ClCompile>
    <ClCompile Include="src\EngineGraphic.cpp">
      <Filter>源文件</Filter>
    </ClCompile>
    <ClCompile Include="src\GameObject.cpp">
      <Filter>源文件</Filter>
    </ClCompile>
    <ClCompile Include="src\KoaliFrustum.cpp">
      <Filter>源文件</Filter>
    </ClCompile>
    <ClCompile Include="src\KoaliMaterial.cpp">
      <Filter>源文件</Filter>
    </ClCompile>
    <ClCompile Include="src\KoaliText.cpp">
      <Filter>源文件</Filter>
    </ClCompile>
    <ClCompile Include="src\KoaliTexture.cpp">
      <Filter>源文件</Filter>
    </ClCompile>
    <ClCompile Include="src\Light.cpp">
      <Filter>源文件</Filter>
    </ClCompile>
    <ClCompile Include="src\MaterialsManager.cpp">
      <Filter>源文件</Filter>
    </ClCompile>
    <ClCompile Include="src\MyTransform.cpp">
      <Filter>源文件</Filter>
    </ClCompile>
    <ClCompile Include="src\ObjectModel.cpp">
      <Filter>源文件</Filter>
    </ClCompile>
    <ClCompile Include="src\ParticleSystem.cpp">
      <Filter>源文件</Filter>
    </ClCompile>
    <ClCompile Include="src\Quad.cpp">
      <Filter>源文件</Filter>
    </ClCompile>
    <ClCompile Include="src\SnowSystem.cpp">
      <Filter>源文件</Filter>
    </ClCompile>
    <ClCompile Include="src\Vertex.cpp">
      <Filter>源文件</Filter>
    </ClCompile>
    <ClCompile Include="src\SkyBox.cpp">
      <Filter>源文件</Filter>
    </ClCompile>
    <ClCompile Include="src\BoundingBox.cpp">
      <Filter>源文件</Filter>
    </ClCompile>
    <ClCompile Include="src\zfxLODTerrain.cpp">
      <Filter>源文件</Filter>
    </ClCompile>
  </ItemGroup>
</Project>